
Microsoft Visual Studio Solution File, Format Version 12.00
# Visual Studio Version 17
VisualStudioVersion = 17.8.34408.163
MinimumVisualStudioVersion = 10.0.40219.1
Project("{FAE04EC0-301F-11D3-BF4B-00C04F79EFBC}") = "Labsheet1", "Labsheet1\Labsheet1.csproj", "{334628C5-CFFB-4D7A-A101-70B9923E5CA7}"
EndProject
Global
	GlobalSection(SolutionConfigurationPlatforms) = preSolution
		Debug|Any CPU = Debug|Any CPU
		Release|Any CPU = Release|Any CPU
	EndGlobalSection
	GlobalSection(ProjectConfigurationPlatforms) = postSolution
		{334628C5-CFFB-4D7A-A101-70B9923E5CA7}.Debug|Any CPU.ActiveCfg = Debug|Any CPU
		{334628C5-CFFB-4D7A-A101-70B9923E5CA7}.Debug|Any CPU.Build.0 = Debug|Any CPU
		{334628C5-CFFB-4D7A-A101-70B9923E5CA7}.Release|Any CPU.ActiveCfg = Release|Any CPU
		{334628C5-CFFB-4D7A-A101-70B9923E5CA7}.Release|Any CPU.Build.0 = Release|Any CPU
	EndGlobalSection
	GlobalSection(SolutionProperties) = preSolution
		HideSolutionNode = FALSE
	EndGlobalSection
	GlobalSection(ExtensibilityGlobals) = postSolution
		SolutionGuid = {64D61C07-2504-4C0F-A060-CCB88583170D}
	EndGlobalSection
EndGlobal
